{
    "name": "hx-selected-replacement",
    "version": "0.0.0",
    "lockfileVersion": 3,
    "requires": true,
    "packages": {
        "": {
            "name": "hx-selected-replacement",
            "version": "0.0.0",
            "dependencies": {
                "hx-vue-dist-loader": "^1.2.5"
            },
            "devDependencies": {
                "cozip": "^0.1.1"
            },
            "engines": {
                "HBuilderX": "^2.7.0"
            }
        },
        "node_modules/adm-zip": {
            "version": "0.5.10",
            "resolved": "https://registry.npmmirror.com/adm-zip/-/adm-zip-0.5.10.tgz",
            "integrity": "sha512-x0HvcHqVJNTPk/Bw8JbLWlWoo6Wwnsug0fnYYro1HBrjxZ3G7/AZk7Ahv8JwDe1uIcz8eBqvu86FuF1POiG7vQ==",
            "dev": true,
            "engines": {
                "node": ">=6.0"
            }
        },
        "node_modules/cozip": {
            "version": "0.1.1",
            "resolved": "https://registry.npmmirror.com/cozip/-/cozip-0.1.1.tgz",
            "integrity": "sha512-W74oOKq8ZbBqXDmvK234PkjuTU/gWcWUkRtzS8mpcJPvMSieFvDKzzhvqwodlJDR4w1AYOkibjg8eE1aihpQPw==",
            "dev": true,
            "dependencies": {
                "adm-zip": "0.5.10"
            }
        },
        "node_modules/hx-vue-dist-loader": {
            "version": "1.2.5",
            "resolved": "https://registry.npmmirror.com/hx-vue-dist-loader/-/hx-vue-dist-loader-1.2.5.tgz",
            "integrity": "sha512-SnkKPblj8envRUzfkjZkAuIRnkUhOAOPRkCNoSyY1bgGYfFLmsysJ6c1Eu9CDcShufBj0pNXD316GsH1vWy14Q=="
        }
    }
}
