{
	"name": "hx-selected-replacement",
	"version": "0.0.0",
	"lockfileVersion": 3,
	"requires": true,
	"packages": {
		"": {
			"name": "hx-selected-replacement",
			"version": "0.0.0",
			"dependencies": {
				"hx-vue-dist-loader": "^1.0.5"
			},
			"engines": {
				"HBuilderX": "^2.7.0"
			}
		},
		"node_modules/hx-vue-dist-loader": {
			"version": "1.0.5",
			"resolved": "http://192.168.1.240:4873/hx-vue-dist-loader/-/hx-vue-dist-loader-1.0.5.tgz",
			"integrity": "sha512-2X0F+KOMohXeSq/amRV42v3n68VKM/JWhc/qyTGcHcqBvRfDNlUqgTgnw7gyCAaMqO3VCvkbvZjKI4W8Lr865Q==",
			"license": "ISC"
		}
	}
}
